
Microsoft Visual Studio Solution File, Format Version 12.00
# Visual Studio Version 17
VisualStudioVersion = 17.0.32014.148
MinimumVisualStudioVersion = 10.0.40219.1
Project("{FAE04EC0-301F-11D3-BF4B-00C04F79EFBC}") = "TaskMaster", "TaskMaster\TaskMaster.csproj", "{7B4EDBEF-B30D-45BC-870B-AB2D767C472F}"
EndProject
Global
	GlobalSection(SolutionConfigurationPlatforms) = preSolution
		Debug|Any CPU = Debug|Any CPU
		Release|Any CPU = Release|Any CPU
	EndGlobalSection
	GlobalSection(ProjectConfigurationPlatforms) = postSolution
		{7B4EDBEF-B30D-45BC-870B-AB2D767C472F}.Debug|Any CPU.ActiveCfg = Debug|Any CPU
		{7B4EDBEF-B30D-45BC-870B-AB2D767C472F}.Debug|Any CPU.Build.0 = Debug|Any CPU
		{7B4EDBEF-B30D-45BC-870B-AB2D767C472F}.Release|Any CPU.ActiveCfg = Release|Any CPU
		{7B4EDBEF-B30D-45BC-870B-AB2D767C472F}.Release|Any CPU.Build.0 = Release|Any CPU
	EndGlobalSection
	GlobalSection(SolutionProperties) = preSolution
		HideSolutionNode = FALSE
	EndGlobalSection
	GlobalSection(ExtensibilityGlobals) = postSolution
		SolutionGuid = {12E4D4FB-0860-416C-A86E-D03B426DDC66}
	EndGlobalSection
EndGlobal
